<?xml version="1.0" encoding="utf-8"?>
<Project ToolsVersion="4.0" xmlns="http://schemas.microsoft.com/developer/msbuild/2003">
  <ItemGroup>
    <Filter Include="源文件">
      <UniqueIdentifier>{4FC737F1-C7A5-4376-A066-2A32D752A2FF}</UniqueIdentifier>
      <Extensions>cpp;c;cc;cxx;def;odl;idl;hpj;bat;asm;asmx</Extensions>
    </Filter>
    <Filter Include="头文件">
      <UniqueIdentifier>{93995380-89BD-4b04-88EB-625FBE52EBFB}</UniqueIdentifier>
      <Extensions>h;hpp;hxx;hm;inl;inc;xsd</Extensions>
    </Filter>
    <Filter Include="资源文件">
      <UniqueIdentifier>{67DA6AB6-F800-4c08-8B7A-83BB121AAD01}</UniqueIdentifier>
      <Extensions>rc;ico;cur;bmp;dlg;rc2;rct;bin;rgs;gif;jpg;jpeg;jpe;resx;tiff;tif;png;wav;mfcribbon-ms</Extensions>
    </Filter>
    <Filter Include="alglib">
      <UniqueIdentifier>{94b47bbe-d2b2-42e0-8ff3-07ec5b185ae3}</UniqueIdentifier>
    </Filter>
  </ItemGroup>
  <ItemGroup>
    <None Include="ReadMe.txt" />
    <None Include="res\EvaluationSystem.rc2">
      <Filter>资源文件</Filter>
    </None>
    <None Include="res\EvaluationSystem.ico">
      <Filter>资源文件</Filter>
    </None>
  </ItemGroup>
  <ItemGroup>
    <ClInclude Include="EvaluationSystem.h">
      <Filter>头文件</Filter>
    </ClInclude>
    <ClInclude Include="EvaluationSystemDlg.h">
      <Filter>头文件</Filter>
    </ClInclude>
    <ClInclude Include="stdafx.h">
      <Filter>头文件</Filter>
    </ClInclude>
    <ClInclude Include="targetver.h">
      <Filter>头文件</Filter>
    </ClInclude>
    <ClInclude Include="Resource.h">
      <Filter>头文件</Filter>
    </ClInclude>
    <ClInclude Include="Rouge.h">
      <Filter>头文件</Filter>
    </ClInclude>
    <ClInclude Include="ICTCLAS50.h">
      <Filter>头文件</Filter>
    </ClInclude>
    <ClInclude Include="Markup.h">
      <Filter>头文件</Filter>
    </ClInclude>
    <ClInclude Include="alglib\alglibinternal.h">
      <Filter>alglib</Filter>
    </ClInclude>
    <ClInclude Include="alglib\alglibmisc.h">
      <Filter>alglib</Filter>
    </ClInclude>
    <ClInclude Include="alglib\ap.h">
      <Filter>alglib</Filter>
    </ClInclude>
    <ClInclude Include="alglib\dataanalysis.h">
      <Filter>alglib</Filter>
    </ClInclude>
    <ClInclude Include="alglib\diffequations.h">
      <Filter>alglib</Filter>
    </ClInclude>
    <ClInclude Include="alglib\fasttransforms.h">
      <Filter>alglib</Filter>
    </ClInclude>
    <ClInclude Include="alglib\integration.h">
      <Filter>alglib</Filter>
    </ClInclude>
    <ClInclude Include="alglib\interpolation.h">
      <Filter>alglib</Filter>
    </ClInclude>
    <ClInclude Include="alglib\linalg.h">
      <Filter>alglib</Filter>
    </ClInclude>
    <ClInclude Include="alglib\optimization.h">
      <Filter>alglib</Filter>
    </ClInclude>
    <ClInclude Include="alglib\solvers.h">
      <Filter>alglib</Filter>
    </ClInclude>
    <ClInclude Include="alglib\specialfunctions.h">
      <Filter>alglib</Filter>
    </ClInclude>
    <ClInclude Include="alglib\statistics.h">
      <Filter>alglib</Filter>
    </ClInclude>
    <ClInclude Include="alglib\stdafx.h">
      <Filter>alglib</Filter>
    </ClInclude>
  </ItemGroup>
  <ItemGroup>
    <ClCompile Include="EvaluationSystem.cpp">
      <Filter>源文件</Filter>
    </ClCompile>
    <ClCompile Include="EvaluationSystemDlg.cpp">
      <Filter>源文件</Filter>
    </ClCompile>
    <ClCompile Include="stdafx.cpp">
      <Filter>源文件</Filter>
    </ClCompile>
    <ClCompile Include="Rouge.cpp">
      <Filter>源文件</Filter>
    </ClCompile>
    <ClCompile Include="Markup.cpp">
      <Filter>源文件</Filter>
    </ClCompile>
    <ClCompile Include="alglib\alglibinternal.cpp">
      <Filter>alglib</Filter>
    </ClCompile>
    <ClCompile Include="alglib\alglibmisc.cpp">
      <Filter>alglib</Filter>
    </ClCompile>
    <ClCompile Include="alglib\ap.cpp">
      <Filter>alglib</Filter>
    </ClCompile>
    <ClCompile Include="alglib\dataanalysis.cpp">
      <Filter>alglib</Filter>
    </ClCompile>
    <ClCompile Include="alglib\diffequations.cpp">
      <Filter>alglib</Filter>
    </ClCompile>
    <ClCompile Include="alglib\fasttransforms.cpp">
      <Filter>alglib</Filter>
    </ClCompile>
    <ClCompile Include="alglib\integration.cpp">
      <Filter>alglib</Filter>
    </ClCompile>
    <ClCompile Include="alglib\interpolation.cpp">
      <Filter>alglib</Filter>
    </ClCompile>
    <ClCompile Include="alglib\linalg.cpp">
      <Filter>alglib</Filter>
    </ClCompile>
    <ClCompile Include="alglib\optimization.cpp">
      <Filter>alglib</Filter>
    </ClCompile>
    <ClCompile Include="alglib\solvers.cpp">
      <Filter>alglib</Filter>
    </ClCompile>
    <ClCompile Include="alglib\specialfunctions.cpp">
      <Filter>alglib</Filter>
    </ClCompile>
    <ClCompile Include="alglib\statistics.cpp">
      <Filter>alglib</Filter>
    </ClCompile>
  </ItemGroup>
  <ItemGroup>
    <ResourceCompile Include="EvaluationSystem.rc">
      <Filter>资源文件</Filter>
    </ResourceCompile>
  </ItemGroup>
</Project>